<?xml version="1.0" encoding="utf-8"?>
<Project ToolsVersion="4.0" xmlns="http://schemas.microsoft.com/developer/msbuild/2003">
  <ItemGroup>
    <Filter Include="Source Files">
      <UniqueIdentifier>{4FC737F1-C7A5-4376-A066-2A32D752A2FF}</UniqueIdentifier>
      <Extensions>cpp;c;cc;cxx;c++;cppm;ixx;def;odl;idl;hpj;bat;asm;asmx</Extensions>
    </Filter>
    <Filter Include="Header Files">
      <UniqueIdentifier>{93995380-89BD-4b04-88EB-625FBE52EBFB}</UniqueIdentifier>
      <Extensions>h;hh;hpp;hxx;h++;hm;inl;inc;ipp;xsd</Extensions>
    </Filter>
    <Filter Include="Resource Files">
      <UniqueIdentifier>{67DA6AB6-F800-4c08-8B7A-83BB121AAD01}</UniqueIdentifier>
      <Extensions>rc;ico;cur;bmp;dlg;rc2;rct;bin;rgs;gif;jpg;jpeg;jpe;resx;tiff;tif;png;wav;mfcribbon-ms</Extensions>
    </Filter>
  </ItemGroup>
  <ItemGroup>
    <ClCompile Include="..\src\game.c">
      <Filter>Source Files</Filter>
    </ClCompile>
    <ClCompile Include="..\src\gf2d_actor.c">
      <Filter>Source Files</Filter>
    </ClCompile>
    <ClCompile Include="..\src\gf2d_draw.c">
      <Filter>Source Files</Filter>
    </ClCompile>
    <ClCompile Include="..\src\gf2d_font.c">
      <Filter>Source Files</Filter>
    </ClCompile>
    <ClCompile Include="..\src\gf2d_mouse.c">
      <Filter>Source Files</Filter>
    </ClCompile>
    <ClCompile Include="..\src\gf2d_sprite.c">
      <Filter>Source Files</Filter>
    </ClCompile>
    <ClCompile Include="..\src\gf3d_buffers.c">
      <Filter>Source Files</Filter>
    </ClCompile>
    <ClCompile Include="..\src\gf3d_camera.c">
      <Filter>Source Files</Filter>
    </ClCompile>
    <ClCompile Include="..\src\gf3d_commands.c">
      <Filter>Source Files</Filter>
    </ClCompile>
    <ClCompile Include="..\src\gf3d_config.c">
      <Filter>Source Files</Filter>
    </ClCompile>
    <ClCompile Include="..\src\gf3d_debug.c">
      <Filter>Source Files</Filter>
    </ClCompile>
    <ClCompile Include="..\src\gf3d_device.c">
      <Filter>Source Files</Filter>
    </ClCompile>
    <ClCompile Include="..\src\gf3d_draw.c">
      <Filter>Source Files</Filter>
    </ClCompile>
    <ClCompile Include="..\src\gf3d_extensions.c">
      <Filter>Source Files</Filter>
    </ClCompile>
    <ClCompile Include="..\src\gf3d_gltf_parse.c">
      <Filter>Source Files</Filter>
    </ClCompile>
    <ClCompile Include="..\src\gf3d_materials.c">
      <Filter>Source Files</Filter>
    </ClCompile>
    <ClCompile Include="..\src\gf3d_mesh.c">
      <Filter>Source Files</Filter>
    </ClCompile>
    <ClCompile Include="..\src\gf3d_model.c">
      <Filter>Source Files</Filter>
    </ClCompile>
    <ClCompile Include="..\src\gf3d_obj_load.c">
      <Filter>Source Files</Filter>
    </ClCompile>
    <ClCompile Include="..\src\gf3d_pipeline.c">
      <Filter>Source Files</Filter>
    </ClCompile>
    <ClCompile Include="..\src\gf3d_shaders.c">
      <Filter>Source Files</Filter>
    </ClCompile>
    <ClCompile Include="..\src\gf3d_swapchain.c">
      <Filter>Source Files</Filter>
    </ClCompile>
    <ClCompile Include="..\src\gf3d_texture.c">
      <Filter>Source Files</Filter>
    </ClCompile>
    <ClCompile Include="..\src\gf3d_uniform_buffers.c">
      <Filter>Source Files</Filter>
    </ClCompile>
    <ClCompile Include="..\src\gf3d_validation.c">
      <Filter>Source Files</Filter>
    </ClCompile>
    <ClCompile Include="..\src\gf3d_vgraphics.c">
      <Filter>Source Files</Filter>
    </ClCompile>
    <ClCompile Include="..\src\gf3d_vqueues.c">
      <Filter>Source Files</Filter>
    </ClCompile>
    <ClCompile Include="..\gfc\src\gfc_actions.c">
      <Filter>Source Files</Filter>
    </ClCompile>
    <ClCompile Include="..\gfc\src\gfc_audio.c">
      <Filter>Source Files</Filter>
    </ClCompile>
    <ClCompile Include="..\gfc\src\gfc_callbacks.c">
      <Filter>Source Files</Filter>
    </ClCompile>
    <ClCompile Include="..\gfc\src\gfc_color.c">
      <Filter>Source Files</Filter>
    </ClCompile>
    <ClCompile Include="..\gfc\src\gfc_config.c">
      <Filter>Source Files</Filter>
    </ClCompile>
    <ClCompile Include="..\gfc\src\gfc_config_def.c">
      <Filter>Source Files</Filter>
    </ClCompile>
    <ClCompile Include="..\gfc\src\gfc_hashmap.c">
      <Filter>Source Files</Filter>
    </ClCompile>
    <ClCompile Include="..\gfc\src\gfc_input.c">
      <Filter>Source Files</Filter>
    </ClCompile>
    <ClCompile Include="..\gfc\src\gfc_list.c">
      <Filter>Source Files</Filter>
    </ClCompile>
    <ClCompile Include="..\gfc\src\gfc_matrix.c">
      <Filter>Source Files</Filter>
    </ClCompile>
    <ClCompile Include="..\gfc\src\gfc_noise.c">
      <Filter>Source Files</Filter>
    </ClCompile>
    <ClCompile Include="..\gfc\src\gfc_pak.c">
      <Filter>Source Files</Filter>
    </ClCompile>
    <ClCompile Include="..\gfc\src\gfc_primitives.c">
      <Filter>Source Files</Filter>
    </ClCompile>
    <ClCompile Include="..\gfc\src\gfc_shape.c">
      <Filter>Source Files</Filter>
    </ClCompile>
    <ClCompile Include="..\gfc\src\gfc_string.c">
      <Filter>Source Files</Filter>
    </ClCompile>
    <ClCompile Include="..\gfc\src\gfc_text.c">
      <Filter>Source Files</Filter>
    </ClCompile>
    <ClCompile Include="..\gfc\src\gfc_types.c">
      <Filter>Source Files</Filter>
    </ClCompile>
    <ClCompile Include="..\gfc\src\gfc_vector.c">
      <Filter>Source Files</Filter>
    </ClCompile>
    <ClCompile Include="..\gfc\src\miniz.c">
      <Filter>Source Files</Filter>
    </ClCompile>
    <ClCompile Include="..\gfc\simple_json\src\simple_json.c">
      <Filter>Source Files</Filter>
    </ClCompile>
    <ClCompile Include="..\gfc\simple_json\src\simple_json_array.c">
      <Filter>Source Files</Filter>
    </ClCompile>
    <ClCompile Include="..\gfc\simple_json\src\simple_json_error.c">
      <Filter>Source Files</Filter>
    </ClCompile>
    <ClCompile Include="..\gfc\simple_json\src\simple_json_list.c">
      <Filter>Source Files</Filter>
    </ClCompile>
    <ClCompile Include="..\gfc\simple_json\src\simple_json_object.c">
      <Filter>Source Files</Filter>
    </ClCompile>
    <ClCompile Include="..\gfc\simple_json\src\simple_json_parse.c">
      <Filter>Source Files</Filter>
    </ClCompile>
    <ClCompile Include="..\gfc\simple_json\src\simple_json_string.c">
      <Filter>Source Files</Filter>
    </ClCompile>
    <ClCompile Include="..\gfc\simple_logger\src\simple_logger.c">
      <Filter>Source Files</Filter>
    </ClCompile>
  </ItemGroup>
  <ItemGroup>
    <ClInclude Include="..\include\gf2d_actor.h">
      <Filter>Header Files</Filter>
    </ClInclude>
    <ClInclude Include="..\include\gf2d_draw.h">
      <Filter>Header Files</Filter>
    </ClInclude>
    <ClInclude Include="..\include\gf2d_font.h">
      <Filter>Header Files</Filter>
    </ClInclude>
    <ClInclude Include="..\include\gf2d_mouse.h">
      <Filter>Header Files</Filter>
    </ClInclude>
    <ClInclude Include="..\include\gf2d_sprite.h">
      <Filter>Header Files</Filter>
    </ClInclude>
    <ClInclude Include="..\include\gf3d_buffers.h">
      <Filter>Header Files</Filter>
    </ClInclude>
    <ClInclude Include="..\include\gf3d_camera.h">
      <Filter>Header Files</Filter>
    </ClInclude>
    <ClInclude Include="..\include\gf3d_commands.h">
      <Filter>Header Files</Filter>
    </ClInclude>
    <ClInclude Include="..\include\gf3d_config.h">
      <Filter>Header Files</Filter>
    </ClInclude>
    <ClInclude Include="..\include\gf3d_debug.h">
      <Filter>Header Files</Filter>
    </ClInclude>
    <ClInclude Include="..\include\gf3d_device.h">
      <Filter>Header Files</Filter>
    </ClInclude>
    <ClInclude Include="..\include\gf3d_draw.h">
      <Filter>Header Files</Filter>
    </ClInclude>
    <ClInclude Include="..\include\gf3d_extensions.h">
      <Filter>Header Files</Filter>
    </ClInclude>
    <ClInclude Include="..\include\gf3d_gltf_parse.h">
      <Filter>Header Files</Filter>
    </ClInclude>
    <ClInclude Include="..\include\gf3d_materials.h">
      <Filter>Header Files</Filter>
    </ClInclude>
    <ClInclude Include="..\include\gf3d_mesh.h">
      <Filter>Header Files</Filter>
    </ClInclude>
    <ClInclude Include="..\include\gf3d_model.h">
      <Filter>Header Files</Filter>
    </ClInclude>
    <ClInclude Include="..\include\gf3d_obj_load.h">
      <Filter>Header Files</Filter>
    </ClInclude>
    <ClInclude Include="..\include\gf3d_pipeline.h">
      <Filter>Header Files</Filter>
    </ClInclude>
    <ClInclude Include="..\include\gf3d_shaders.h">
      <Filter>Header Files</Filter>
    </ClInclude>
    <ClInclude Include="..\include\gf3d_swapchain.h">
      <Filter>Header Files</Filter>
    </ClInclude>
    <ClInclude Include="..\include\gf3d_texture.h">
      <Filter>Header Files</Filter>
    </ClInclude>
    <ClInclude Include="..\include\gf3d_uniform_buffers.h">
      <Filter>Header Files</Filter>
    </ClInclude>
    <ClInclude Include="..\include\gf3d_validation.h">
      <Filter>Header Files</Filter>
    </ClInclude>
    <ClInclude Include="..\include\gf3d_vgraphics.h">
      <Filter>Header Files</Filter>
    </ClInclude>
    <ClInclude Include="..\include\gf3d_vqueues.h">
      <Filter>Header Files</Filter>
    </ClInclude>
    <ClInclude Include="..\gfc\include\gfc_actions.h">
      <Filter>Header Files</Filter>
    </ClInclude>
    <ClInclude Include="..\gfc\include\gfc_audio.h">
      <Filter>Header Files</Filter>
    </ClInclude>
    <ClInclude Include="..\gfc\include\gfc_callbacks.h">
      <Filter>Header Files</Filter>
    </ClInclude>
    <ClInclude Include="..\gfc\include\gfc_color.h">
      <Filter>Header Files</Filter>
    </ClInclude>
    <ClInclude Include="..\gfc\include\gfc_config.h">
      <Filter>Header Files</Filter>
    </ClInclude>
    <ClInclude Include="..\gfc\include\gfc_config_def.h">
      <Filter>Header Files</Filter>
    </ClInclude>
    <ClInclude Include="..\gfc\include\gfc_hashmap.h">
      <Filter>Header Files</Filter>
    </ClInclude>
    <ClInclude Include="..\gfc\include\gfc_input.h">
      <Filter>Header Files</Filter>
    </ClInclude>
    <ClInclude Include="..\gfc\include\gfc_list.h">
      <Filter>Header Files</Filter>
    </ClInclude>
    <ClInclude Include="..\gfc\include\gfc_matrix.h">
      <Filter>Header Files</Filter>
    </ClInclude>
    <ClInclude Include="..\gfc\include\gfc_noise.h">
      <Filter>Header Files</Filter>
    </ClInclude>
    <ClInclude Include="..\gfc\include\gfc_pak.h">
      <Filter>Header Files</Filter>
    </ClInclude>
    <ClInclude Include="..\gfc\include\gfc_primitives.h">
      <Filter>Header Files</Filter>
    </ClInclude>
    <ClInclude Include="..\gfc\include\gfc_shape.h">
      <Filter>Header Files</Filter>
    </ClInclude>
    <ClInclude Include="..\gfc\include\gfc_string.h">
      <Filter>Header Files</Filter>
    </ClInclude>
    <ClInclude Include="..\gfc\include\gfc_text.h">
      <Filter>Header Files</Filter>
    </ClInclude>
    <ClInclude Include="..\gfc\include\gfc_types.h">
      <Filter>Header Files</Filter>
    </ClInclude>
    <ClInclude Include="..\gfc\include\gfc_vector.h">
      <Filter>Header Files</Filter>
    </ClInclude>
    <ClInclude Include="..\gfc\include\miniz.h">
      <Filter>Header Files</Filter>
    </ClInclude>
    <ClInclude Include="..\gfc\simple_json\include\simple_json.h">
      <Filter>Header Files</Filter>
    </ClInclude>
    <ClInclude Include="..\gfc\simple_json\include\simple_json_array.h">
      <Filter>Header Files</Filter>
    </ClInclude>
    <ClInclude Include="..\gfc\simple_json\include\simple_json_error.h">
      <Filter>Header Files</Filter>
    </ClInclude>
    <ClInclude Include="..\gfc\simple_json\include\simple_json_list.h">
      <Filter>Header Files</Filter>
    </ClInclude>
    <ClInclude Include="..\gfc\simple_json\include\simple_json_object.h">
      <Filter>Header Files</Filter>
    </ClInclude>
    <ClInclude Include="..\gfc\simple_json\include\simple_json_parse.h">
      <Filter>Header Files</Filter>
    </ClInclude>
    <ClInclude Include="..\gfc\simple_json\include\simple_json_string.h">
      <Filter>Header Files</Filter>
    </ClInclude>
    <ClInclude Include="..\gfc\simple_json\include\simple_json_types.h">
      <Filter>Header Files</Filter>
    </ClInclude>
    <ClInclude Include="..\gfc\simple_json\include\simple_json_value.h">
      <Filter>Header Files</Filter>
    </ClInclude>
    <ClInclude Include="..\gfc\simple_logger\include\simple_logger.h">
      <Filter>Header Files</Filter>
    </ClInclude>
  </ItemGroup>
</Project>